
Microsoft Visual Studio Solution File, Format Version 12.00
# Visual Studio Version 16
VisualStudioVersion = 16.0.31515.178
MinimumVisualStudioVersion = 10.0.40219.1
Project("{FAE04EC0-301F-11D3-BF4B-00C04F79EFBC}") = "DoWhileOdev", "DoWhileOdev\DoWhileOdev.csproj", "{5DFE3FF3-2069-4555-851D-8BDF1886EE01}"
EndProject
Project("{FAE04EC0-301F-11D3-BF4B-00C04F79EFBC}") = "DoWhilleOnek", "DoWhilleOnek\DoWhilleOnek.csproj", "{F8023CB3-1EE9-4701-9681-EE6DA84A8E32}"
EndProject
Global
	GlobalSection(SolutionConfigurationPlatforms) = preSolution
		Debug|Any CPU = Debug|Any CPU
		Release|Any CPU = Release|Any CPU
	EndGlobalSection
	GlobalSection(ProjectConfigurationPlatforms) = postSolution
		{5DFE3FF3-2069-4555-851D-8BDF1886EE01}.Debug|Any CPU.ActiveCfg = Debug|Any CPU
		{5DFE3FF3-2069-4555-851D-8BDF1886EE01}.Debug|Any CPU.Build.0 = Debug|Any CPU
		{5DFE3FF3-2069-4555-851D-8BDF1886EE01}.Release|Any CPU.ActiveCfg = Release|Any CPU
		{5DFE3FF3-2069-4555-851D-8BDF1886EE01}.Release|Any CPU.Build.0 = Release|Any CPU
		{F8023CB3-1EE9-4701-9681-EE6DA84A8E32}.Debug|Any CPU.ActiveCfg = Debug|Any CPU
		{F8023CB3-1EE9-4701-9681-EE6DA84A8E32}.Debug|Any CPU.Build.0 = Debug|Any CPU
		{F8023CB3-1EE9-4701-9681-EE6DA84A8E32}.Release|Any CPU.ActiveCfg = Release|Any CPU
		{F8023CB3-1EE9-4701-9681-EE6DA84A8E32}.Release|Any CPU.Build.0 = Release|Any CPU
	EndGlobalSection
	GlobalSection(SolutionProperties) = preSolution
		HideSolutionNode = FALSE
	EndGlobalSection
	GlobalSection(ExtensibilityGlobals) = postSolution
		SolutionGuid = {F539D23C-0F40-4AEC-9E0E-DDCE3C0F83E9}
	EndGlobalSection
EndGlobal
